<?xml version="1.0" encoding="utf-8"?>
<Project ToolsVersion="4.0" xmlns="http://schemas.microsoft.com/developer/msbuild/2003">
  <ItemGroup>
    <Filter Include="Source Files">
      <UniqueIdentifier>{4FC737F1-C7A5-4376-A066-2A32D752A2FF}</UniqueIdentifier>
      <Extensions>cpp;c;cc;cxx;def;odl;idl;hpj;bat;asm;asmx</Extensions>
    </Filter>
    <Filter Include="Header Files">
      <UniqueIdentifier>{93995380-89BD-4b04-88EB-625FBE52EBFB}</UniqueIdentifier>
      <Extensions>h;hh;hpp;hxx;hm;inl;inc;ipp;xsd</Extensions>
    </Filter>
    <Filter Include="Resource Files">
      <UniqueIdentifier>{67DA6AB6-F800-4c08-8B7A-83BB121AAD01}</UniqueIdentifier>
      <Extensions>rc;ico;cur;bmp;dlg;rc2;rct;bin;rgs;gif;jpg;jpeg;jpe;resx;tiff;tif;png;wav;mfcribbon-ms</Extensions>
    </Filter>
  </ItemGroup>
  <ItemGroup>
    <ClCompile Include="CZzang.cpp">
      <Filter>Source Files</Filter>
    </ClCompile>
    <ClCompile Include="ZObject.cpp">
      <Filter>Source Files</Filter>
    </ClCompile>
    <ClCompile Include="ZShape.cpp">
      <Filter>Source Files</Filter>
    </ClCompile>
    <ClCompile Include="ZImage.cpp">
      <Filter>Source Files</Filter>
    </ClCompile>
    <ClCompile Include="Zline.cpp">
      <Filter>Source Files</Filter>
    </ClCompile>
    <ClCompile Include="ZEllipse.cpp">
      <Filter>Source Files</Filter>
    </ClCompile>
    <ClCompile Include="ZTriangle.cpp">
      <Filter>Source Files</Filter>
    </ClCompile>
    <ClCompile Include="ZCircle.cpp">
      <Filter>Source Files</Filter>
    </ClCompile>
    <ClCompile Include="ZRect.cpp">
      <Filter>Source Files</Filter>
    </ClCompile>
    <ClCompile Include="ZPolygon.cpp">
      <Filter>Source Files</Filter>
    </ClCompile>
    <ClCompile Include="ZFont.cpp">
      <Filter>Source Files</Filter>
    </ClCompile>
    <ClCompile Include="ZColor.cpp">
      <Filter>Source Files</Filter>
    </ClCompile>
    <ClCompile Include="ZPoint.cpp">
      <Filter>Source Files</Filter>
    </ClCompile>
    <ClCompile Include="ZRange.cpp">
      <Filter>Source Files</Filter>
    </ClCompile>
    <ClCompile Include="ZGeometry.cpp">
      <Filter>Source Files</Filter>
    </ClCompile>
    <ClCompile Include="ZButtonGruop.cpp">
      <Filter>Source Files</Filter>
    </ClCompile>
    <ClCompile Include="ZAlignment.cpp">
      <Filter>Source Files</Filter>
    </ClCompile>
    <ClCompile Include="ZPadding.cpp">
      <Filter>Source Files</Filter>
    </ClCompile>
    <ClCompile Include="ZMargin.cpp">
      <Filter>Source Files</Filter>
    </ClCompile>
    <ClCompile Include="ZSize.cpp">
      <Filter>Source Files</Filter>
    </ClCompile>
    <ClCompile Include="ZEvent.cpp">
      <Filter>Source Files</Filter>
    </ClCompile>
    <ClCompile Include="ZWidget.cpp">
      <Filter>Source Files</Filter>
    </ClCompile>
    <ClCompile Include="ZLayout.cpp">
      <Filter>Source Files</Filter>
    </ClCompile>
    <ClCompile Include="ZAbsoluteLayout.cpp">
      <Filter>Source Files</Filter>
    </ClCompile>
    <ClCompile Include="ZAbstractButton.cpp">
      <Filter>Source Files</Filter>
    </ClCompile>
    <ClCompile Include="ZFrame.cpp">
      <Filter>Source Files</Filter>
    </ClCompile>
    <ClCompile Include="ZRadioButton.cpp">
      <Filter>Source Files</Filter>
    </ClCompile>
    <ClCompile Include="ZStackedWidget.cpp">
      <Filter>Source Files</Filter>
    </ClCompile>
    <ClCompile Include="ZTextView.cpp">
      <Filter>Source Files</Filter>
    </ClCompile>
    <ClCompile Include="ZObservable.cpp">
      <Filter>Source Files</Filter>
    </ClCompile>
    <ClCompile Include="ZArc.cpp">
      <Filter>Source Files</Filter>
    </ClCompile>
  </ItemGroup>
  <ItemGroup>
    <ClInclude Include="CZzang.h">
      <Filter>Header Files</Filter>
    </ClInclude>
    <ClInclude Include="ZObject.h">
      <Filter>Header Files</Filter>
    </ClInclude>
    <ClInclude Include="ZGraphics.h">
      <Filter>Header Files</Filter>
    </ClInclude>
    <ClInclude Include="ZShape.h">
      <Filter>Header Files</Filter>
    </ClInclude>
    <ClInclude Include="ZImage.h">
      <Filter>Header Files</Filter>
    </ClInclude>
    <ClInclude Include="Zline.h">
      <Filter>Header Files</Filter>
    </ClInclude>
    <ClInclude Include="ZEllipse.h">
      <Filter>Header Files</Filter>
    </ClInclude>
    <ClInclude Include="ZTriangle.h">
      <Filter>Header Files</Filter>
    </ClInclude>
    <ClInclude Include="ZCircle.h">
      <Filter>Header Files</Filter>
    </ClInclude>
    <ClInclude Include="ZRect.h">
      <Filter>Header Files</Filter>
    </ClInclude>
    <ClInclude Include="ZPolygon.h">
      <Filter>Header Files</Filter>
    </ClInclude>
    <ClInclude Include="ZFont.h">
      <Filter>Header Files</Filter>
    </ClInclude>
    <ClInclude Include="ZColor.h">
      <Filter>Header Files</Filter>
    </ClInclude>
    <ClInclude Include="ZPoint.h">
      <Filter>Header Files</Filter>
    </ClInclude>
    <ClInclude Include="ZRange.h">
      <Filter>Header Files</Filter>
    </ClInclude>
    <ClInclude Include="ZGeometry.h">
      <Filter>Header Files</Filter>
    </ClInclude>
    <ClInclude Include="ZButtonGruop.h">
      <Filter>Header Files</Filter>
    </ClInclude>
    <ClInclude Include="ZAlignment.h">
      <Filter>Header Files</Filter>
    </ClInclude>
    <ClInclude Include="ZPadding.h">
      <Filter>Header Files</Filter>
    </ClInclude>
    <ClInclude Include="ZMargin.h">
      <Filter>Header Files</Filter>
    </ClInclude>
    <ClInclude Include="ZSize.h">
      <Filter>Header Files</Filter>
    </ClInclude>
    <ClInclude Include="ZEvent.h">
      <Filter>Header Files</Filter>
    </ClInclude>
    <ClInclude Include="ZWidget.h">
      <Filter>Header Files</Filter>
    </ClInclude>
    <ClInclude Include="ZLayout.h">
      <Filter>Header Files</Filter>
    </ClInclude>
    <ClInclude Include="ZAbsoluteLayout.h">
      <Filter>Header Files</Filter>
    </ClInclude>
    <ClInclude Include="ZAbstractButton.h">
      <Filter>Header Files</Filter>
    </ClInclude>
    <ClInclude Include="ZFrame.h">
      <Filter>Header Files</Filter>
    </ClInclude>
    <ClInclude Include="ZRadioButton.h">
      <Filter>Header Files</Filter>
    </ClInclude>
    <ClInclude Include="ZStackedWidget.h">
      <Filter>Header Files</Filter>
    </ClInclude>
    <ClInclude Include="ZTextView.h">
      <Filter>Header Files</Filter>
    </ClInclude>
    <ClInclude Include="ZObservable.h">
      <Filter>Header Files</Filter>
    </ClInclude>
    <ClInclude Include="ZArc.h">
      <Filter>Header Files</Filter>
    </ClInclude>
  </ItemGroup>
</Project>